dependencies:
  idf:
    source:
      type: idf
    version: 5.5.0
  lvgl/lvgl:
    component_hash: a0525d74dd85092059565b91030daf539a76cce82386972ffebbde67016eb730
    dependencies: []
    source:
      registry_url: https://components.espressif.com/
      type: service
    version: 8.3.9
direct_dependencies:
- idf
- lvgl/lvgl
manifest_hash: b150c6b2eda653481e29499a979f1b51b39306d4876d59d7510065da7cd0693b
target: esp32s3
version: 2.0.0
